
Microsoft Visual Studio Solution File, Format Version 12.00
# Visual Studio Version 17
VisualStudioVersion = 17.0.32014.148
MinimumVisualStudioVersion = 10.0.40219.1
Project("{FAE04EC0-301F-11D3-BF4B-00C04F79EFBC}") = "Ejercicio_04c_03", "Ejercicio_04c_03.csproj", "{744B2274-7302-4348-882B-D2AC04521390}"
EndProject
Global
	GlobalSection(SolutionConfigurationPlatforms) = preSolution
		Debug|Any CPU = Debug|Any CPU
		Release|Any CPU = Release|Any CPU
	EndGlobalSection
	GlobalSection(ProjectConfigurationPlatforms) = postSolution
		{744B2274-7302-4348-882B-D2AC04521390}.Debug|Any CPU.ActiveCfg = Debug|Any CPU
		{744B2274-7302-4348-882B-D2AC04521390}.Debug|Any CPU.Build.0 = Debug|Any CPU
		{744B2274-7302-4348-882B-D2AC04521390}.Release|Any CPU.ActiveCfg = Release|Any CPU
		{744B2274-7302-4348-882B-D2AC04521390}.Release|Any CPU.Build.0 = Release|Any CPU
	EndGlobalSection
	GlobalSection(SolutionProperties) = preSolution
		HideSolutionNode = FALSE
	EndGlobalSection
	GlobalSection(ExtensibilityGlobals) = postSolution
		SolutionGuid = {6143BDB0-86A5-41E2-8E02-DB353DA2C5F4}
	EndGlobalSection
EndGlobal
