
Microsoft Visual Studio Solution File, Format Version 12.00
# Visual Studio Version 17
VisualStudioVersion = 17.0.32014.148
MinimumVisualStudioVersion = 10.0.40219.1
Project("{FAE04EC0-301F-11D3-BF4B-00C04F79EFBC}") = "Ejercicio_03c_06", "Ejercicio_03c_06.csproj", "{4063275E-8710-4CC3-BCBA-814E9BBF80D9}"
EndProject
Global
	GlobalSection(SolutionConfigurationPlatforms) = preSolution
		Debug|Any CPU = Debug|Any CPU
		Release|Any CPU = Release|Any CPU
	EndGlobalSection
	GlobalSection(ProjectConfigurationPlatforms) = postSolution
		{4063275E-8710-4CC3-BCBA-814E9BBF80D9}.Debug|Any CPU.ActiveCfg = Debug|Any CPU
		{4063275E-8710-4CC3-BCBA-814E9BBF80D9}.Debug|Any CPU.Build.0 = Debug|Any CPU
		{4063275E-8710-4CC3-BCBA-814E9BBF80D9}.Release|Any CPU.ActiveCfg = Release|Any CPU
		{4063275E-8710-4CC3-BCBA-814E9BBF80D9}.Release|Any CPU.Build.0 = Release|Any CPU
	EndGlobalSection
	GlobalSection(SolutionProperties) = preSolution
		HideSolutionNode = FALSE
	EndGlobalSection
	GlobalSection(ExtensibilityGlobals) = postSolution
		SolutionGuid = {A0D62EFB-9A1E-48A7-927E-D5300BB14D29}
	EndGlobalSection
EndGlobal
