
Microsoft Visual Studio Solution File, Format Version 12.00
# Visual Studio Version 17
VisualStudioVersion = 17.0.32014.148
MinimumVisualStudioVersion = 10.0.40219.1
Project("{FAE04EC0-301F-11D3-BF4B-00C04F79EFBC}") = "Practica_3_1_2", "Practica_3_1_2.csproj", "{0BCEE08A-E23C-431E-916C-71B0E249FF61}"
EndProject
Global
	GlobalSection(SolutionConfigurationPlatforms) = preSolution
		Debug|Any CPU = Debug|Any CPU
		Release|Any CPU = Release|Any CPU
	EndGlobalSection
	GlobalSection(ProjectConfigurationPlatforms) = postSolution
		{0BCEE08A-E23C-431E-916C-71B0E249FF61}.Debug|Any CPU.ActiveCfg = Debug|Any CPU
		{0BCEE08A-E23C-431E-916C-71B0E249FF61}.Debug|Any CPU.Build.0 = Debug|Any CPU
		{0BCEE08A-E23C-431E-916C-71B0E249FF61}.Release|Any CPU.ActiveCfg = Release|Any CPU
		{0BCEE08A-E23C-431E-916C-71B0E249FF61}.Release|Any CPU.Build.0 = Release|Any CPU
	EndGlobalSection
	GlobalSection(SolutionProperties) = preSolution
		HideSolutionNode = FALSE
	EndGlobalSection
	GlobalSection(ExtensibilityGlobals) = postSolution
		SolutionGuid = {91F0CDC5-B7A3-47AA-B767-98AED743050E}
	EndGlobalSection
EndGlobal
