
Microsoft Visual Studio Solution File, Format Version 12.00
# Visual Studio Version 17
VisualStudioVersion = 17.0.32014.148
MinimumVisualStudioVersion = 10.0.40219.1
Project("{FAE04EC0-301F-11D3-BF4B-00C04F79EFBC}") = "ejercicio_02b_01", "ejercicio_02b_01.csproj", "{4DD26915-FC63-4D78-AB5A-DAC02A886A1E}"
EndProject
Global
	GlobalSection(SolutionConfigurationPlatforms) = preSolution
		Debug|Any CPU = Debug|Any CPU
		Release|Any CPU = Release|Any CPU
	EndGlobalSection
	GlobalSection(ProjectConfigurationPlatforms) = postSolution
		{4DD26915-FC63-4D78-AB5A-DAC02A886A1E}.Debug|Any CPU.ActiveCfg = Debug|Any CPU
		{4DD26915-FC63-4D78-AB5A-DAC02A886A1E}.Debug|Any CPU.Build.0 = Debug|Any CPU
		{4DD26915-FC63-4D78-AB5A-DAC02A886A1E}.Release|Any CPU.ActiveCfg = Release|Any CPU
		{4DD26915-FC63-4D78-AB5A-DAC02A886A1E}.Release|Any CPU.Build.0 = Release|Any CPU
	EndGlobalSection
	GlobalSection(SolutionProperties) = preSolution
		HideSolutionNode = FALSE
	EndGlobalSection
	GlobalSection(ExtensibilityGlobals) = postSolution
		SolutionGuid = {8B89E96B-0C76-4CFD-BFCF-B0EA872524EF}
	EndGlobalSection
EndGlobal
