
Microsoft Visual Studio Solution File, Format Version 12.00
# Visual Studio Version 17
VisualStudioVersion = 17.0.32014.148
MinimumVisualStudioVersion = 10.0.40219.1
Project("{FAE04EC0-301F-11D3-BF4B-00C04F79EFBC}") = "Ejercicio_02b_06", "Ejercicio_02b_06.csproj", "{8CAFA190-B2F5-4764-8104-EE24817BE78C}"
EndProject
Global
	GlobalSection(SolutionConfigurationPlatforms) = preSolution
		Debug|Any CPU = Debug|Any CPU
		Release|Any CPU = Release|Any CPU
	EndGlobalSection
	GlobalSection(ProjectConfigurationPlatforms) = postSolution
		{8CAFA190-B2F5-4764-8104-EE24817BE78C}.Debug|Any CPU.ActiveCfg = Debug|Any CPU
		{8CAFA190-B2F5-4764-8104-EE24817BE78C}.Debug|Any CPU.Build.0 = Debug|Any CPU
		{8CAFA190-B2F5-4764-8104-EE24817BE78C}.Release|Any CPU.ActiveCfg = Release|Any CPU
		{8CAFA190-B2F5-4764-8104-EE24817BE78C}.Release|Any CPU.Build.0 = Release|Any CPU
	EndGlobalSection
	GlobalSection(SolutionProperties) = preSolution
		HideSolutionNode = FALSE
	EndGlobalSection
	GlobalSection(ExtensibilityGlobals) = postSolution
		SolutionGuid = {96FA9D13-2C7D-4A8F-B550-099B072D87D9}
	EndGlobalSection
EndGlobal
