
Microsoft Visual Studio Solution File, Format Version 12.00
# Visual Studio Version 17
VisualStudioVersion = 17.0.32014.148
MinimumVisualStudioVersion = 10.0.40219.1
Project("{9A19103F-16F7-4668-BE54-9A1E7A4F7556}") = "Libros", "Libros\Libros.csproj", "{A9F837EE-C8AD-43B5-9F15-39315493D86F}"
EndProject
Global
	GlobalSection(SolutionConfigurationPlatforms) = preSolution
		Debug|Any CPU = Debug|Any CPU
		Release|Any CPU = Release|Any CPU
	EndGlobalSection
	GlobalSection(ProjectConfigurationPlatforms) = postSolution
		{A9F837EE-C8AD-43B5-9F15-39315493D86F}.Debug|Any CPU.ActiveCfg = Debug|Any CPU
		{A9F837EE-C8AD-43B5-9F15-39315493D86F}.Debug|Any CPU.Build.0 = Debug|Any CPU
		{A9F837EE-C8AD-43B5-9F15-39315493D86F}.Release|Any CPU.ActiveCfg = Release|Any CPU
		{A9F837EE-C8AD-43B5-9F15-39315493D86F}.Release|Any CPU.Build.0 = Release|Any CPU
	EndGlobalSection
	GlobalSection(SolutionProperties) = preSolution
		HideSolutionNode = FALSE
	EndGlobalSection
	GlobalSection(ExtensibilityGlobals) = postSolution
		SolutionGuid = {E6EBF1EA-92A0-4467-8374-67F3DA277146}
	EndGlobalSection
EndGlobal
