
Microsoft Visual Studio Solution File, Format Version 12.00
# Visual Studio Version 17
VisualStudioVersion = 17.0.32014.148
MinimumVisualStudioVersion = 10.0.40219.1
Project("{FAE04EC0-301F-11D3-BF4B-00C04F79EFBC}") = "Ejercicio_03c_07", "Ejercicio_03c_07.csproj", "{9FEE0251-26D3-4874-B482-390D66C7334B}"
EndProject
Global
	GlobalSection(SolutionConfigurationPlatforms) = preSolution
		Debug|Any CPU = Debug|Any CPU
		Release|Any CPU = Release|Any CPU
	EndGlobalSection
	GlobalSection(ProjectConfigurationPlatforms) = postSolution
		{9FEE0251-26D3-4874-B482-390D66C7334B}.Debug|Any CPU.ActiveCfg = Debug|Any CPU
		{9FEE0251-26D3-4874-B482-390D66C7334B}.Debug|Any CPU.Build.0 = Debug|Any CPU
		{9FEE0251-26D3-4874-B482-390D66C7334B}.Release|Any CPU.ActiveCfg = Release|Any CPU
		{9FEE0251-26D3-4874-B482-390D66C7334B}.Release|Any CPU.Build.0 = Release|Any CPU
	EndGlobalSection
	GlobalSection(SolutionProperties) = preSolution
		HideSolutionNode = FALSE
	EndGlobalSection
	GlobalSection(ExtensibilityGlobals) = postSolution
		SolutionGuid = {B1BAFEB6-A654-49FC-BB4F-3BC94D36EDB5}
	EndGlobalSection
EndGlobal
