
Microsoft Visual Studio Solution File, Format Version 12.00
# Visual Studio Version 17
VisualStudioVersion = 17.0.31919.166
MinimumVisualStudioVersion = 10.0.40219.1
Project("{FAE04EC0-301F-11D3-BF4B-00C04F79EFBC}") = "Figuras", "Figuras\Figuras.csproj", "{67DA7496-C348-4F4B-A7C7-E1ED940FD93E}"
EndProject
Global
	GlobalSection(SolutionConfigurationPlatforms) = preSolution
		Debug|Any CPU = Debug|Any CPU
		Release|Any CPU = Release|Any CPU
	EndGlobalSection
	GlobalSection(ProjectConfigurationPlatforms) = postSolution
		{67DA7496-C348-4F4B-A7C7-E1ED940FD93E}.Debug|Any CPU.ActiveCfg = Debug|Any CPU
		{67DA7496-C348-4F4B-A7C7-E1ED940FD93E}.Debug|Any CPU.Build.0 = Debug|Any CPU
		{67DA7496-C348-4F4B-A7C7-E1ED940FD93E}.Release|Any CPU.ActiveCfg = Release|Any CPU
		{67DA7496-C348-4F4B-A7C7-E1ED940FD93E}.Release|Any CPU.Build.0 = Release|Any CPU
	EndGlobalSection
	GlobalSection(SolutionProperties) = preSolution
		HideSolutionNode = FALSE
	EndGlobalSection
	GlobalSection(ExtensibilityGlobals) = postSolution
		SolutionGuid = {EC72241F-F7CF-4D94-AA2B-7D072560E5FA}
	EndGlobalSection
EndGlobal
