
Microsoft Visual Studio Solution File, Format Version 12.00
# Visual Studio Version 17
VisualStudioVersion = 17.0.32014.148
MinimumVisualStudioVersion = 10.0.40219.1
Project("{FAE04EC0-301F-11D3-BF4B-00C04F79EFBC}") = "Ejercicio_05a_03", "Ejercicio_05a_03.csproj", "{57A53A31-3F6A-4E6A-8CF0-ED5822DFC88A}"
EndProject
Global
	GlobalSection(SolutionConfigurationPlatforms) = preSolution
		Debug|Any CPU = Debug|Any CPU
		Release|Any CPU = Release|Any CPU
	EndGlobalSection
	GlobalSection(ProjectConfigurationPlatforms) = postSolution
		{57A53A31-3F6A-4E6A-8CF0-ED5822DFC88A}.Debug|Any CPU.ActiveCfg = Debug|Any CPU
		{57A53A31-3F6A-4E6A-8CF0-ED5822DFC88A}.Debug|Any CPU.Build.0 = Debug|Any CPU
		{57A53A31-3F6A-4E6A-8CF0-ED5822DFC88A}.Release|Any CPU.ActiveCfg = Release|Any CPU
		{57A53A31-3F6A-4E6A-8CF0-ED5822DFC88A}.Release|Any CPU.Build.0 = Release|Any CPU
	EndGlobalSection
	GlobalSection(SolutionProperties) = preSolution
		HideSolutionNode = FALSE
	EndGlobalSection
	GlobalSection(ExtensibilityGlobals) = postSolution
		SolutionGuid = {0B758025-54B7-4915-ABD0-CE880D659A3B}
	EndGlobalSection
EndGlobal
