
Microsoft Visual Studio Solution File, Format Version 12.00
# Visual Studio Version 17
VisualStudioVersion = 17.0.32014.148
MinimumVisualStudioVersion = 10.0.40219.1
Project("{9A19103F-16F7-4668-BE54-9A1E7A4F7556}") = "CasasPuertas bidireccional", "CasasPuertas bidireccional.csproj", "{9BACC6D3-BD4E-4C21-B054-3B4B72A8829D}"
EndProject
Global
	GlobalSection(SolutionConfigurationPlatforms) = preSolution
		Debug|Any CPU = Debug|Any CPU
		Release|Any CPU = Release|Any CPU
	EndGlobalSection
	GlobalSection(ProjectConfigurationPlatforms) = postSolution
		{9BACC6D3-BD4E-4C21-B054-3B4B72A8829D}.Debug|Any CPU.ActiveCfg = Debug|Any CPU
		{9BACC6D3-BD4E-4C21-B054-3B4B72A8829D}.Debug|Any CPU.Build.0 = Debug|Any CPU
		{9BACC6D3-BD4E-4C21-B054-3B4B72A8829D}.Release|Any CPU.ActiveCfg = Release|Any CPU
		{9BACC6D3-BD4E-4C21-B054-3B4B72A8829D}.Release|Any CPU.Build.0 = Release|Any CPU
	EndGlobalSection
	GlobalSection(SolutionProperties) = preSolution
		HideSolutionNode = FALSE
	EndGlobalSection
	GlobalSection(ExtensibilityGlobals) = postSolution
		SolutionGuid = {A3394784-40F1-447A-B644-DC85815DD81A}
	EndGlobalSection
EndGlobal
