
Microsoft Visual Studio Solution File, Format Version 12.00
# Visual Studio Version 17
VisualStudioVersion = 17.0.31919.166
MinimumVisualStudioVersion = 10.0.40219.1
Project("{FAE04EC0-301F-11D3-BF4B-00C04F79EFBC}") = "Coches", "Coches\Coches.csproj", "{2BC0723E-40E0-426B-A3C5-0F260F19959B}"
EndProject
Global
	GlobalSection(SolutionConfigurationPlatforms) = preSolution
		Debug|Any CPU = Debug|Any CPU
		Release|Any CPU = Release|Any CPU
	EndGlobalSection
	GlobalSection(ProjectConfigurationPlatforms) = postSolution
		{2BC0723E-40E0-426B-A3C5-0F260F19959B}.Debug|Any CPU.ActiveCfg = Debug|Any CPU
		{2BC0723E-40E0-426B-A3C5-0F260F19959B}.Debug|Any CPU.Build.0 = Debug|Any CPU
		{2BC0723E-40E0-426B-A3C5-0F260F19959B}.Release|Any CPU.ActiveCfg = Release|Any CPU
		{2BC0723E-40E0-426B-A3C5-0F260F19959B}.Release|Any CPU.Build.0 = Release|Any CPU
	EndGlobalSection
	GlobalSection(SolutionProperties) = preSolution
		HideSolutionNode = FALSE
	EndGlobalSection
	GlobalSection(ExtensibilityGlobals) = postSolution
		SolutionGuid = {065E2D8E-5EBD-43AF-B188-7E25E3B78070}
	EndGlobalSection
EndGlobal
