
Microsoft Visual Studio Solution File, Format Version 12.00
# Visual Studio Version 17
VisualStudioVersion = 17.0.32014.148
MinimumVisualStudioVersion = 10.0.40219.1
Project("{FAE04EC0-301F-11D3-BF4B-00C04F79EFBC}") = "ejercicio_02a_12", "ejercicio_02a_12.csproj", "{E38BBF67-9B3C-4DDF-A677-97FBC764B830}"
EndProject
Global
	GlobalSection(SolutionConfigurationPlatforms) = preSolution
		Debug|Any CPU = Debug|Any CPU
		Release|Any CPU = Release|Any CPU
	EndGlobalSection
	GlobalSection(ProjectConfigurationPlatforms) = postSolution
		{E38BBF67-9B3C-4DDF-A677-97FBC764B830}.Debug|Any CPU.ActiveCfg = Debug|Any CPU
		{E38BBF67-9B3C-4DDF-A677-97FBC764B830}.Debug|Any CPU.Build.0 = Debug|Any CPU
		{E38BBF67-9B3C-4DDF-A677-97FBC764B830}.Release|Any CPU.ActiveCfg = Release|Any CPU
		{E38BBF67-9B3C-4DDF-A677-97FBC764B830}.Release|Any CPU.Build.0 = Release|Any CPU
	EndGlobalSection
	GlobalSection(SolutionProperties) = preSolution
		HideSolutionNode = FALSE
	EndGlobalSection
	GlobalSection(ExtensibilityGlobals) = postSolution
		SolutionGuid = {C213E920-8AD3-486B-A9D6-08621F1C618A}
	EndGlobalSection
EndGlobal
