
Microsoft Visual Studio Solution File, Format Version 12.00
# Visual Studio Version 17
VisualStudioVersion = 17.0.32014.148
MinimumVisualStudioVersion = 10.0.40219.1
Project("{FAE04EC0-301F-11D3-BF4B-00C04F79EFBC}") = "Ejercicio_02d_01", "Ejercicio_02d_01.csproj", "{10A2E0E6-D74C-4E65-B8DD-96142E4D699F}"
EndProject
Global
	GlobalSection(SolutionConfigurationPlatforms) = preSolution
		Debug|Any CPU = Debug|Any CPU
		Release|Any CPU = Release|Any CPU
	EndGlobalSection
	GlobalSection(ProjectConfigurationPlatforms) = postSolution
		{10A2E0E6-D74C-4E65-B8DD-96142E4D699F}.Debug|Any CPU.ActiveCfg = Debug|Any CPU
		{10A2E0E6-D74C-4E65-B8DD-96142E4D699F}.Debug|Any CPU.Build.0 = Debug|Any CPU
		{10A2E0E6-D74C-4E65-B8DD-96142E4D699F}.Release|Any CPU.ActiveCfg = Release|Any CPU
		{10A2E0E6-D74C-4E65-B8DD-96142E4D699F}.Release|Any CPU.Build.0 = Release|Any CPU
	EndGlobalSection
	GlobalSection(SolutionProperties) = preSolution
		HideSolutionNode = FALSE
	EndGlobalSection
	GlobalSection(ExtensibilityGlobals) = postSolution
		SolutionGuid = {22C23177-975D-4E2C-BDAC-F305A3AEBB81}
	EndGlobalSection
EndGlobal
