
Microsoft Visual Studio Solution File, Format Version 12.00
# Visual Studio Version 17
VisualStudioVersion = 17.0.32014.148
MinimumVisualStudioVersion = 10.0.40219.1
Project("{FAE04EC0-301F-11D3-BF4B-00C04F79EFBC}") = "ejercicio_03a_05", "ejercicio_03a_05.csproj", "{DF044E09-8D2D-4233-BB24-BBFD7F1776E3}"
EndProject
Global
	GlobalSection(SolutionConfigurationPlatforms) = preSolution
		Debug|Any CPU = Debug|Any CPU
		Release|Any CPU = Release|Any CPU
	EndGlobalSection
	GlobalSection(ProjectConfigurationPlatforms) = postSolution
		{DF044E09-8D2D-4233-BB24-BBFD7F1776E3}.Debug|Any CPU.ActiveCfg = Debug|Any CPU
		{DF044E09-8D2D-4233-BB24-BBFD7F1776E3}.Debug|Any CPU.Build.0 = Debug|Any CPU
		{DF044E09-8D2D-4233-BB24-BBFD7F1776E3}.Release|Any CPU.ActiveCfg = Release|Any CPU
		{DF044E09-8D2D-4233-BB24-BBFD7F1776E3}.Release|Any CPU.Build.0 = Release|Any CPU
	EndGlobalSection
	GlobalSection(SolutionProperties) = preSolution
		HideSolutionNode = FALSE
	EndGlobalSection
	GlobalSection(ExtensibilityGlobals) = postSolution
		SolutionGuid = {81207E8B-25EA-49B8-803B-45DC254CB244}
	EndGlobalSection
EndGlobal
