
Microsoft Visual Studio Solution File, Format Version 12.00
# Visual Studio Version 17
VisualStudioVersion = 17.0.32014.148
MinimumVisualStudioVersion = 10.0.40219.1
Project("{FAE04EC0-301F-11D3-BF4B-00C04F79EFBC}") = "Repaso2_1", "Repaso2_1.csproj", "{2486A758-50B2-4DB1-8BE1-A7F29E829661}"
EndProject
Global
	GlobalSection(SolutionConfigurationPlatforms) = preSolution
		Debug|Any CPU = Debug|Any CPU
		Release|Any CPU = Release|Any CPU
	EndGlobalSection
	GlobalSection(ProjectConfigurationPlatforms) = postSolution
		{2486A758-50B2-4DB1-8BE1-A7F29E829661}.Debug|Any CPU.ActiveCfg = Debug|Any CPU
		{2486A758-50B2-4DB1-8BE1-A7F29E829661}.Debug|Any CPU.Build.0 = Debug|Any CPU
		{2486A758-50B2-4DB1-8BE1-A7F29E829661}.Release|Any CPU.ActiveCfg = Release|Any CPU
		{2486A758-50B2-4DB1-8BE1-A7F29E829661}.Release|Any CPU.Build.0 = Release|Any CPU
	EndGlobalSection
	GlobalSection(SolutionProperties) = preSolution
		HideSolutionNode = FALSE
	EndGlobalSection
	GlobalSection(ExtensibilityGlobals) = postSolution
		SolutionGuid = {9B53B7CD-6319-41F8-9D34-1A70F30659B0}
	EndGlobalSection
EndGlobal
