
Microsoft Visual Studio Solution File, Format Version 12.00
# Visual Studio Version 17
VisualStudioVersion = 17.0.32014.148
MinimumVisualStudioVersion = 10.0.40219.1
Project("{FAE04EC0-301F-11D3-BF4B-00C04F79EFBC}") = "Ejercicio_05c_05", "Ejercicio_05c_05.csproj", "{C733DEA8-4B4D-4B74-8720-367B9EEEB2E0}"
EndProject
Global
	GlobalSection(SolutionConfigurationPlatforms) = preSolution
		Debug|Any CPU = Debug|Any CPU
		Release|Any CPU = Release|Any CPU
	EndGlobalSection
	GlobalSection(ProjectConfigurationPlatforms) = postSolution
		{C733DEA8-4B4D-4B74-8720-367B9EEEB2E0}.Debug|Any CPU.ActiveCfg = Debug|Any CPU
		{C733DEA8-4B4D-4B74-8720-367B9EEEB2E0}.Debug|Any CPU.Build.0 = Debug|Any CPU
		{C733DEA8-4B4D-4B74-8720-367B9EEEB2E0}.Release|Any CPU.ActiveCfg = Release|Any CPU
		{C733DEA8-4B4D-4B74-8720-367B9EEEB2E0}.Release|Any CPU.Build.0 = Release|Any CPU
	EndGlobalSection
	GlobalSection(SolutionProperties) = preSolution
		HideSolutionNode = FALSE
	EndGlobalSection
	GlobalSection(ExtensibilityGlobals) = postSolution
		SolutionGuid = {2943393F-9494-405E-B2EB-4EEDDB313029}
	EndGlobalSection
EndGlobal
