
Microsoft Visual Studio Solution File, Format Version 12.00
# Visual Studio Version 17
VisualStudioVersion = 17.0.32014.148
MinimumVisualStudioVersion = 10.0.40219.1
Project("{FAE04EC0-301F-11D3-BF4B-00C04F79EFBC}") = "Ejercicio_03a_03", "Ejercicio_03a_03.csproj", "{1FA9D9CF-66F5-4C91-AC88-645B5AD4708E}"
EndProject
Global
	GlobalSection(SolutionConfigurationPlatforms) = preSolution
		Debug|Any CPU = Debug|Any CPU
		Release|Any CPU = Release|Any CPU
	EndGlobalSection
	GlobalSection(ProjectConfigurationPlatforms) = postSolution
		{1FA9D9CF-66F5-4C91-AC88-645B5AD4708E}.Debug|Any CPU.ActiveCfg = Debug|Any CPU
		{1FA9D9CF-66F5-4C91-AC88-645B5AD4708E}.Debug|Any CPU.Build.0 = Debug|Any CPU
		{1FA9D9CF-66F5-4C91-AC88-645B5AD4708E}.Release|Any CPU.ActiveCfg = Release|Any CPU
		{1FA9D9CF-66F5-4C91-AC88-645B5AD4708E}.Release|Any CPU.Build.0 = Release|Any CPU
	EndGlobalSection
	GlobalSection(SolutionProperties) = preSolution
		HideSolutionNode = FALSE
	EndGlobalSection
	GlobalSection(ExtensibilityGlobals) = postSolution
		SolutionGuid = {FA44B330-1CF1-42F2-A313-E5A4DB76632F}
	EndGlobalSection
EndGlobal
