
Microsoft Visual Studio Solution File, Format Version 12.00
# Visual Studio Version 17
VisualStudioVersion = 17.0.32014.148
MinimumVisualStudioVersion = 10.0.40219.1
Project("{FAE04EC0-301F-11D3-BF4B-00C04F79EFBC}") = "Ejercicio_04a_08", "Ejercicio_04a_08.csproj", "{33F04EB5-0FB9-4C7A-BE73-750D6AD457E8}"
EndProject
Global
	GlobalSection(SolutionConfigurationPlatforms) = preSolution
		Debug|Any CPU = Debug|Any CPU
		Release|Any CPU = Release|Any CPU
	EndGlobalSection
	GlobalSection(ProjectConfigurationPlatforms) = postSolution
		{33F04EB5-0FB9-4C7A-BE73-750D6AD457E8}.Debug|Any CPU.ActiveCfg = Debug|Any CPU
		{33F04EB5-0FB9-4C7A-BE73-750D6AD457E8}.Debug|Any CPU.Build.0 = Debug|Any CPU
		{33F04EB5-0FB9-4C7A-BE73-750D6AD457E8}.Release|Any CPU.ActiveCfg = Release|Any CPU
		{33F04EB5-0FB9-4C7A-BE73-750D6AD457E8}.Release|Any CPU.Build.0 = Release|Any CPU
	EndGlobalSection
	GlobalSection(SolutionProperties) = preSolution
		HideSolutionNode = FALSE
	EndGlobalSection
	GlobalSection(ExtensibilityGlobals) = postSolution
		SolutionGuid = {65347160-32B2-4DB2-BF27-EC703495464E}
	EndGlobalSection
EndGlobal
