
Microsoft Visual Studio Solution File, Format Version 12.00
# Visual Studio Version 17
VisualStudioVersion = 17.0.32014.148
MinimumVisualStudioVersion = 10.0.40219.1
Project("{FAE04EC0-301F-11D3-BF4B-00C04F79EFBC}") = "Ejercicio_03a_04", "Ejercicio_03a_04.csproj", "{C7EB2CBB-8743-4D9F-98A4-8A63501439E8}"
EndProject
Global
	GlobalSection(SolutionConfigurationPlatforms) = preSolution
		Debug|Any CPU = Debug|Any CPU
		Release|Any CPU = Release|Any CPU
	EndGlobalSection
	GlobalSection(ProjectConfigurationPlatforms) = postSolution
		{C7EB2CBB-8743-4D9F-98A4-8A63501439E8}.Debug|Any CPU.ActiveCfg = Debug|Any CPU
		{C7EB2CBB-8743-4D9F-98A4-8A63501439E8}.Debug|Any CPU.Build.0 = Debug|Any CPU
		{C7EB2CBB-8743-4D9F-98A4-8A63501439E8}.Release|Any CPU.ActiveCfg = Release|Any CPU
		{C7EB2CBB-8743-4D9F-98A4-8A63501439E8}.Release|Any CPU.Build.0 = Release|Any CPU
	EndGlobalSection
	GlobalSection(SolutionProperties) = preSolution
		HideSolutionNode = FALSE
	EndGlobalSection
	GlobalSection(ExtensibilityGlobals) = postSolution
		SolutionGuid = {487BD856-82FE-4582-8964-5E37E6E0E8E8}
	EndGlobalSection
EndGlobal
