
Microsoft Visual Studio Solution File, Format Version 12.00
# Visual Studio Version 17
VisualStudioVersion = 17.0.32014.148
MinimumVisualStudioVersion = 10.0.40219.1
Project("{FAE04EC0-301F-11D3-BF4B-00C04F79EFBC}") = "Coches Polimorf", "Coches Polimorf.csproj", "{161C9C3C-7D01-4A98-8574-1606CCEC1163}"
EndProject
Global
	GlobalSection(SolutionConfigurationPlatforms) = preSolution
		Debug|Any CPU = Debug|Any CPU
		Release|Any CPU = Release|Any CPU
	EndGlobalSection
	GlobalSection(ProjectConfigurationPlatforms) = postSolution
		{161C9C3C-7D01-4A98-8574-1606CCEC1163}.Debug|Any CPU.ActiveCfg = Debug|Any CPU
		{161C9C3C-7D01-4A98-8574-1606CCEC1163}.Debug|Any CPU.Build.0 = Debug|Any CPU
		{161C9C3C-7D01-4A98-8574-1606CCEC1163}.Release|Any CPU.ActiveCfg = Release|Any CPU
		{161C9C3C-7D01-4A98-8574-1606CCEC1163}.Release|Any CPU.Build.0 = Release|Any CPU
	EndGlobalSection
	GlobalSection(SolutionProperties) = preSolution
		HideSolutionNode = FALSE
	EndGlobalSection
	GlobalSection(ExtensibilityGlobals) = postSolution
		SolutionGuid = {3750B5F6-3D34-4A72-B833-01979B0BF3F2}
	EndGlobalSection
EndGlobal
