
Microsoft Visual Studio Solution File, Format Version 12.00
# Visual Studio Version 17
VisualStudioVersion = 17.0.32014.148
MinimumVisualStudioVersion = 10.0.40219.1
Project("{FAE04EC0-301F-11D3-BF4B-00C04F79EFBC}") = "Trabajadores", "Trabajadores.csproj", "{296F16A2-0D33-44E9-933D-98001D2AEC26}"
EndProject
Global
	GlobalSection(SolutionConfigurationPlatforms) = preSolution
		Debug|Any CPU = Debug|Any CPU
		Release|Any CPU = Release|Any CPU
	EndGlobalSection
	GlobalSection(ProjectConfigurationPlatforms) = postSolution
		{296F16A2-0D33-44E9-933D-98001D2AEC26}.Debug|Any CPU.ActiveCfg = Debug|Any CPU
		{296F16A2-0D33-44E9-933D-98001D2AEC26}.Debug|Any CPU.Build.0 = Debug|Any CPU
		{296F16A2-0D33-44E9-933D-98001D2AEC26}.Release|Any CPU.ActiveCfg = Release|Any CPU
		{296F16A2-0D33-44E9-933D-98001D2AEC26}.Release|Any CPU.Build.0 = Release|Any CPU
	EndGlobalSection
	GlobalSection(SolutionProperties) = preSolution
		HideSolutionNode = FALSE
	EndGlobalSection
	GlobalSection(ExtensibilityGlobals) = postSolution
		SolutionGuid = {1759ACDA-A9EB-4587-9B23-CA3E96D04B3E}
	EndGlobalSection
EndGlobal
