
Microsoft Visual Studio Solution File, Format Version 12.00
# Visual Studio Version 17
VisualStudioVersion = 17.0.32014.148
MinimumVisualStudioVersion = 10.0.40219.1
Project("{FAE04EC0-301F-11D3-BF4B-00C04F79EFBC}") = "Ejercicio_05a_06", "Ejercicio_05a_06.csproj", "{A5BCF816-F34F-4CB5-A271-DF4157C88906}"
EndProject
Global
	GlobalSection(SolutionConfigurationPlatforms) = preSolution
		Debug|Any CPU = Debug|Any CPU
		Release|Any CPU = Release|Any CPU
	EndGlobalSection
	GlobalSection(ProjectConfigurationPlatforms) = postSolution
		{A5BCF816-F34F-4CB5-A271-DF4157C88906}.Debug|Any CPU.ActiveCfg = Debug|Any CPU
		{A5BCF816-F34F-4CB5-A271-DF4157C88906}.Debug|Any CPU.Build.0 = Debug|Any CPU
		{A5BCF816-F34F-4CB5-A271-DF4157C88906}.Release|Any CPU.ActiveCfg = Release|Any CPU
		{A5BCF816-F34F-4CB5-A271-DF4157C88906}.Release|Any CPU.Build.0 = Release|Any CPU
	EndGlobalSection
	GlobalSection(SolutionProperties) = preSolution
		HideSolutionNode = FALSE
	EndGlobalSection
	GlobalSection(ExtensibilityGlobals) = postSolution
		SolutionGuid = {C3E10983-F6F4-4387-BB4F-E985A2549E6B}
	EndGlobalSection
EndGlobal
