
Microsoft Visual Studio Solution File, Format Version 12.00
# Visual Studio Version 17
VisualStudioVersion = 17.0.32014.148
MinimumVisualStudioVersion = 10.0.40219.1
Project("{FAE04EC0-301F-11D3-BF4B-00C04F79EFBC}") = "Repaso1_9", "Repaso1_9.csproj", "{087AEC3C-ACE9-4EAD-B9E6-42276A90D176}"
EndProject
Global
	GlobalSection(SolutionConfigurationPlatforms) = preSolution
		Debug|Any CPU = Debug|Any CPU
		Release|Any CPU = Release|Any CPU
	EndGlobalSection
	GlobalSection(ProjectConfigurationPlatforms) = postSolution
		{087AEC3C-ACE9-4EAD-B9E6-42276A90D176}.Debug|Any CPU.ActiveCfg = Debug|Any CPU
		{087AEC3C-ACE9-4EAD-B9E6-42276A90D176}.Debug|Any CPU.Build.0 = Debug|Any CPU
		{087AEC3C-ACE9-4EAD-B9E6-42276A90D176}.Release|Any CPU.ActiveCfg = Release|Any CPU
		{087AEC3C-ACE9-4EAD-B9E6-42276A90D176}.Release|Any CPU.Build.0 = Release|Any CPU
	EndGlobalSection
	GlobalSection(SolutionProperties) = preSolution
		HideSolutionNode = FALSE
	EndGlobalSection
	GlobalSection(ExtensibilityGlobals) = postSolution
		SolutionGuid = {6FFB98A7-14A4-46DF-AEA5-7948753E9EC2}
	EndGlobalSection
EndGlobal
