
Microsoft Visual Studio Solution File, Format Version 12.00
# Visual Studio Version 17
VisualStudioVersion = 17.0.32014.148
MinimumVisualStudioVersion = 10.0.40219.1
Project("{FAE04EC0-301F-11D3-BF4B-00C04F79EFBC}") = "ejercicio_02_14", "ejercicio_02_14.csproj", "{99C84305-9962-43CB-9ACE-37012FC47EAB}"
EndProject
Global
	GlobalSection(SolutionConfigurationPlatforms) = preSolution
		Debug|Any CPU = Debug|Any CPU
		Release|Any CPU = Release|Any CPU
	EndGlobalSection
	GlobalSection(ProjectConfigurationPlatforms) = postSolution
		{99C84305-9962-43CB-9ACE-37012FC47EAB}.Debug|Any CPU.ActiveCfg = Debug|Any CPU
		{99C84305-9962-43CB-9ACE-37012FC47EAB}.Debug|Any CPU.Build.0 = Debug|Any CPU
		{99C84305-9962-43CB-9ACE-37012FC47EAB}.Release|Any CPU.ActiveCfg = Release|Any CPU
		{99C84305-9962-43CB-9ACE-37012FC47EAB}.Release|Any CPU.Build.0 = Release|Any CPU
	EndGlobalSection
	GlobalSection(SolutionProperties) = preSolution
		HideSolutionNode = FALSE
	EndGlobalSection
	GlobalSection(ExtensibilityGlobals) = postSolution
		SolutionGuid = {C568112A-340B-48E1-AB61-FCED4E863865}
	EndGlobalSection
EndGlobal
