
Microsoft Visual Studio Solution File, Format Version 12.00
# Visual Studio Version 17
VisualStudioVersion = 17.0.32014.148
MinimumVisualStudioVersion = 10.0.40219.1
Project("{FAE04EC0-301F-11D3-BF4B-00C04F79EFBC}") = "Ejercicio_05a_09", "Ejercicio_05a_09.csproj", "{68BB5079-4028-4023-A903-53DAA0A97743}"
EndProject
Global
	GlobalSection(SolutionConfigurationPlatforms) = preSolution
		Debug|Any CPU = Debug|Any CPU
		Release|Any CPU = Release|Any CPU
	EndGlobalSection
	GlobalSection(ProjectConfigurationPlatforms) = postSolution
		{68BB5079-4028-4023-A903-53DAA0A97743}.Debug|Any CPU.ActiveCfg = Debug|Any CPU
		{68BB5079-4028-4023-A903-53DAA0A97743}.Debug|Any CPU.Build.0 = Debug|Any CPU
		{68BB5079-4028-4023-A903-53DAA0A97743}.Release|Any CPU.ActiveCfg = Release|Any CPU
		{68BB5079-4028-4023-A903-53DAA0A97743}.Release|Any CPU.Build.0 = Release|Any CPU
	EndGlobalSection
	GlobalSection(SolutionProperties) = preSolution
		HideSolutionNode = FALSE
	EndGlobalSection
	GlobalSection(ExtensibilityGlobals) = postSolution
		SolutionGuid = {CCC1D500-E854-4C93-A514-8DFB7483A45E}
	EndGlobalSection
EndGlobal
