
Microsoft Visual Studio Solution File, Format Version 12.00
# Visual Studio Version 17
VisualStudioVersion = 17.0.32014.148
MinimumVisualStudioVersion = 10.0.40219.1
Project("{FAE04EC0-301F-11D3-BF4B-00C04F79EFBC}") = "Practica_2_1_1", "Practica_2_1_1.csproj", "{6FAB0E9C-111F-4D06-997B-5493B69BFCA4}"
EndProject
Global
	GlobalSection(SolutionConfigurationPlatforms) = preSolution
		Debug|Any CPU = Debug|Any CPU
		Release|Any CPU = Release|Any CPU
	EndGlobalSection
	GlobalSection(ProjectConfigurationPlatforms) = postSolution
		{6FAB0E9C-111F-4D06-997B-5493B69BFCA4}.Debug|Any CPU.ActiveCfg = Debug|Any CPU
		{6FAB0E9C-111F-4D06-997B-5493B69BFCA4}.Debug|Any CPU.Build.0 = Debug|Any CPU
		{6FAB0E9C-111F-4D06-997B-5493B69BFCA4}.Release|Any CPU.ActiveCfg = Release|Any CPU
		{6FAB0E9C-111F-4D06-997B-5493B69BFCA4}.Release|Any CPU.Build.0 = Release|Any CPU
	EndGlobalSection
	GlobalSection(SolutionProperties) = preSolution
		HideSolutionNode = FALSE
	EndGlobalSection
	GlobalSection(ExtensibilityGlobals) = postSolution
		SolutionGuid = {665B3C5A-7E9A-406E-9042-40C950BF5422}
	EndGlobalSection
EndGlobal
