
Microsoft Visual Studio Solution File, Format Version 12.00
# Visual Studio Version 17
VisualStudioVersion = 17.0.32014.148
MinimumVisualStudioVersion = 10.0.40219.1
Project("{FAE04EC0-301F-11D3-BF4B-00C04F79EFBC}") = "Ejercicio_04c_01", "Ejercicio_04c_01.csproj", "{D2736ADC-5321-45C6-AD72-7607C6B95A89}"
EndProject
Global
	GlobalSection(SolutionConfigurationPlatforms) = preSolution
		Debug|Any CPU = Debug|Any CPU
		Release|Any CPU = Release|Any CPU
	EndGlobalSection
	GlobalSection(ProjectConfigurationPlatforms) = postSolution
		{D2736ADC-5321-45C6-AD72-7607C6B95A89}.Debug|Any CPU.ActiveCfg = Debug|Any CPU
		{D2736ADC-5321-45C6-AD72-7607C6B95A89}.Debug|Any CPU.Build.0 = Debug|Any CPU
		{D2736ADC-5321-45C6-AD72-7607C6B95A89}.Release|Any CPU.ActiveCfg = Release|Any CPU
		{D2736ADC-5321-45C6-AD72-7607C6B95A89}.Release|Any CPU.Build.0 = Release|Any CPU
	EndGlobalSection
	GlobalSection(SolutionProperties) = preSolution
		HideSolutionNode = FALSE
	EndGlobalSection
	GlobalSection(ExtensibilityGlobals) = postSolution
		SolutionGuid = {79CB42EF-1CD8-4481-8B95-9F34809C0918}
	EndGlobalSection
EndGlobal
