
Microsoft Visual Studio Solution File, Format Version 12.00
# Visual Studio Version 17
VisualStudioVersion = 17.0.32014.148
MinimumVisualStudioVersion = 10.0.40219.1
Project("{FAE04EC0-301F-11D3-BF4B-00C04F79EFBC}") = "Ejercicio_05c", "Ejercicio_05c.csproj", "{438F85C9-AE9F-4B12-8BC2-19346C2C495B}"
EndProject
Global
	GlobalSection(SolutionConfigurationPlatforms) = preSolution
		Debug|Any CPU = Debug|Any CPU
		Release|Any CPU = Release|Any CPU
	EndGlobalSection
	GlobalSection(ProjectConfigurationPlatforms) = postSolution
		{438F85C9-AE9F-4B12-8BC2-19346C2C495B}.Debug|Any CPU.ActiveCfg = Debug|Any CPU
		{438F85C9-AE9F-4B12-8BC2-19346C2C495B}.Debug|Any CPU.Build.0 = Debug|Any CPU
		{438F85C9-AE9F-4B12-8BC2-19346C2C495B}.Release|Any CPU.ActiveCfg = Release|Any CPU
		{438F85C9-AE9F-4B12-8BC2-19346C2C495B}.Release|Any CPU.Build.0 = Release|Any CPU
	EndGlobalSection
	GlobalSection(SolutionProperties) = preSolution
		HideSolutionNode = FALSE
	EndGlobalSection
	GlobalSection(ExtensibilityGlobals) = postSolution
		SolutionGuid = {4470ADC9-346D-4859-8DC0-EA8A5B7C085E}
	EndGlobalSection
EndGlobal
