
Microsoft Visual Studio Solution File, Format Version 12.00
# Visual Studio Version 17
VisualStudioVersion = 17.0.32014.148
MinimumVisualStudioVersion = 10.0.40219.1
Project("{FAE04EC0-301F-11D3-BF4B-00C04F79EFBC}") = "Repaso3_3", "Repaso3_3.csproj", "{2B8797E4-B319-49E1-90D5-92076A120E36}"
EndProject
Global
	GlobalSection(SolutionConfigurationPlatforms) = preSolution
		Debug|Any CPU = Debug|Any CPU
		Release|Any CPU = Release|Any CPU
	EndGlobalSection
	GlobalSection(ProjectConfigurationPlatforms) = postSolution
		{2B8797E4-B319-49E1-90D5-92076A120E36}.Debug|Any CPU.ActiveCfg = Debug|Any CPU
		{2B8797E4-B319-49E1-90D5-92076A120E36}.Debug|Any CPU.Build.0 = Debug|Any CPU
		{2B8797E4-B319-49E1-90D5-92076A120E36}.Release|Any CPU.ActiveCfg = Release|Any CPU
		{2B8797E4-B319-49E1-90D5-92076A120E36}.Release|Any CPU.Build.0 = Release|Any CPU
	EndGlobalSection
	GlobalSection(SolutionProperties) = preSolution
		HideSolutionNode = FALSE
	EndGlobalSection
	GlobalSection(ExtensibilityGlobals) = postSolution
		SolutionGuid = {D9F2C6B9-F279-4D85-AC6A-DCA4FE6813A9}
	EndGlobalSection
EndGlobal
