
Microsoft Visual Studio Solution File, Format Version 12.00
# Visual Studio Version 17
VisualStudioVersion = 17.0.32014.148
MinimumVisualStudioVersion = 10.0.40219.1
Project("{FAE04EC0-301F-11D3-BF4B-00C04F79EFBC}") = "Libros con subtipos", "Libros con subtipos.csproj", "{FAD553D0-3EA1-45F3-AEA5-003295ECA009}"
EndProject
Global
	GlobalSection(SolutionConfigurationPlatforms) = preSolution
		Debug|Any CPU = Debug|Any CPU
		Release|Any CPU = Release|Any CPU
	EndGlobalSection
	GlobalSection(ProjectConfigurationPlatforms) = postSolution
		{FAD553D0-3EA1-45F3-AEA5-003295ECA009}.Debug|Any CPU.ActiveCfg = Debug|Any CPU
		{FAD553D0-3EA1-45F3-AEA5-003295ECA009}.Debug|Any CPU.Build.0 = Debug|Any CPU
		{FAD553D0-3EA1-45F3-AEA5-003295ECA009}.Release|Any CPU.ActiveCfg = Release|Any CPU
		{FAD553D0-3EA1-45F3-AEA5-003295ECA009}.Release|Any CPU.Build.0 = Release|Any CPU
	EndGlobalSection
	GlobalSection(SolutionProperties) = preSolution
		HideSolutionNode = FALSE
	EndGlobalSection
	GlobalSection(ExtensibilityGlobals) = postSolution
		SolutionGuid = {6A7F0962-73B4-49B5-9310-A193CBB16E27}
	EndGlobalSection
EndGlobal
