
Microsoft Visual Studio Solution File, Format Version 12.00
# Visual Studio Version 17
VisualStudioVersion = 17.0.32014.148
MinimumVisualStudioVersion = 10.0.40219.1
Project("{FAE04EC0-301F-11D3-BF4B-00C04F79EFBC}") = "Ejercicio_07a_06", "Ejercicio_07a_06.csproj", "{C3CD5871-ED46-466B-96FC-E45B452D6D36}"
EndProject
Global
	GlobalSection(SolutionConfigurationPlatforms) = preSolution
		Debug|Any CPU = Debug|Any CPU
		Release|Any CPU = Release|Any CPU
	EndGlobalSection
	GlobalSection(ProjectConfigurationPlatforms) = postSolution
		{C3CD5871-ED46-466B-96FC-E45B452D6D36}.Debug|Any CPU.ActiveCfg = Debug|Any CPU
		{C3CD5871-ED46-466B-96FC-E45B452D6D36}.Debug|Any CPU.Build.0 = Debug|Any CPU
		{C3CD5871-ED46-466B-96FC-E45B452D6D36}.Release|Any CPU.ActiveCfg = Release|Any CPU
		{C3CD5871-ED46-466B-96FC-E45B452D6D36}.Release|Any CPU.Build.0 = Release|Any CPU
	EndGlobalSection
	GlobalSection(SolutionProperties) = preSolution
		HideSolutionNode = FALSE
	EndGlobalSection
	GlobalSection(ExtensibilityGlobals) = postSolution
		SolutionGuid = {C0B05A0B-3439-4BF8-BBA4-89A0E17967A1}
	EndGlobalSection
EndGlobal
