
Microsoft Visual Studio Solution File, Format Version 12.00
# Visual Studio Version 17
VisualStudioVersion = 17.0.32014.148
MinimumVisualStudioVersion = 10.0.40219.1
Project("{FAE04EC0-301F-11D3-BF4B-00C04F79EFBC}") = "Ejercicio_03a_01", "Ejercicio_03a_01.csproj", "{29E4C4B6-3443-4C1C-9F2E-4D2F9924B736}"
EndProject
Global
	GlobalSection(SolutionConfigurationPlatforms) = preSolution
		Debug|Any CPU = Debug|Any CPU
		Release|Any CPU = Release|Any CPU
	EndGlobalSection
	GlobalSection(ProjectConfigurationPlatforms) = postSolution
		{29E4C4B6-3443-4C1C-9F2E-4D2F9924B736}.Debug|Any CPU.ActiveCfg = Debug|Any CPU
		{29E4C4B6-3443-4C1C-9F2E-4D2F9924B736}.Debug|Any CPU.Build.0 = Debug|Any CPU
		{29E4C4B6-3443-4C1C-9F2E-4D2F9924B736}.Release|Any CPU.ActiveCfg = Release|Any CPU
		{29E4C4B6-3443-4C1C-9F2E-4D2F9924B736}.Release|Any CPU.Build.0 = Release|Any CPU
	EndGlobalSection
	GlobalSection(SolutionProperties) = preSolution
		HideSolutionNode = FALSE
	EndGlobalSection
	GlobalSection(ExtensibilityGlobals) = postSolution
		SolutionGuid = {4E954C77-E647-4D79-8A5D-DE5C1E2A472C}
	EndGlobalSection
EndGlobal
