
Microsoft Visual Studio Solution File, Format Version 12.00
# Visual Studio Version 17
VisualStudioVersion = 17.0.32014.148
MinimumVisualStudioVersion = 10.0.40219.1
Project("{FAE04EC0-301F-11D3-BF4B-00C04F79EFBC}") = "ejercicio_02c_09B", "ejercicio_02c_09B.csproj", "{61029BD6-DF94-4F94-9CFC-47477C537F47}"
EndProject
Global
	GlobalSection(SolutionConfigurationPlatforms) = preSolution
		Debug|Any CPU = Debug|Any CPU
		Release|Any CPU = Release|Any CPU
	EndGlobalSection
	GlobalSection(ProjectConfigurationPlatforms) = postSolution
		{61029BD6-DF94-4F94-9CFC-47477C537F47}.Debug|Any CPU.ActiveCfg = Debug|Any CPU
		{61029BD6-DF94-4F94-9CFC-47477C537F47}.Debug|Any CPU.Build.0 = Debug|Any CPU
		{61029BD6-DF94-4F94-9CFC-47477C537F47}.Release|Any CPU.ActiveCfg = Release|Any CPU
		{61029BD6-DF94-4F94-9CFC-47477C537F47}.Release|Any CPU.Build.0 = Release|Any CPU
	EndGlobalSection
	GlobalSection(SolutionProperties) = preSolution
		HideSolutionNode = FALSE
	EndGlobalSection
	GlobalSection(ExtensibilityGlobals) = postSolution
		SolutionGuid = {2489EAE3-8CC7-44E3-9040-BFF90CA95150}
	EndGlobalSection
EndGlobal
