
Microsoft Visual Studio Solution File, Format Version 12.00
# Visual Studio Version 17
VisualStudioVersion = 17.0.32014.148
MinimumVisualStudioVersion = 10.0.40219.1
Project("{FAE04EC0-301F-11D3-BF4B-00C04F79EFBC}") = "Ejercicio_05b_01B", "Ejercicio_05b_01B.csproj", "{166CF8F4-8F18-4611-801B-92867ACE1007}"
EndProject
Global
	GlobalSection(SolutionConfigurationPlatforms) = preSolution
		Debug|Any CPU = Debug|Any CPU
		Release|Any CPU = Release|Any CPU
	EndGlobalSection
	GlobalSection(ProjectConfigurationPlatforms) = postSolution
		{166CF8F4-8F18-4611-801B-92867ACE1007}.Debug|Any CPU.ActiveCfg = Debug|Any CPU
		{166CF8F4-8F18-4611-801B-92867ACE1007}.Debug|Any CPU.Build.0 = Debug|Any CPU
		{166CF8F4-8F18-4611-801B-92867ACE1007}.Release|Any CPU.ActiveCfg = Release|Any CPU
		{166CF8F4-8F18-4611-801B-92867ACE1007}.Release|Any CPU.Build.0 = Release|Any CPU
	EndGlobalSection
	GlobalSection(SolutionProperties) = preSolution
		HideSolutionNode = FALSE
	EndGlobalSection
	GlobalSection(ExtensibilityGlobals) = postSolution
		SolutionGuid = {7533E028-E12C-4585-A92D-7678CCC1A9A7}
	EndGlobalSection
EndGlobal
