
Microsoft Visual Studio Solution File, Format Version 12.00
# Visual Studio Version 17
VisualStudioVersion = 17.0.32014.148
MinimumVisualStudioVersion = 10.0.40219.1
Project("{FAE04EC0-301F-11D3-BF4B-00C04F79EFBC}") = "Ejercicio_02a_02", "Ejercicio_02a_02.csproj", "{A1585252-00D5-4EFC-9DEB-F8E85D031ABE}"
EndProject
Global
	GlobalSection(SolutionConfigurationPlatforms) = preSolution
		Debug|Any CPU = Debug|Any CPU
		Release|Any CPU = Release|Any CPU
	EndGlobalSection
	GlobalSection(ProjectConfigurationPlatforms) = postSolution
		{A1585252-00D5-4EFC-9DEB-F8E85D031ABE}.Debug|Any CPU.ActiveCfg = Debug|Any CPU
		{A1585252-00D5-4EFC-9DEB-F8E85D031ABE}.Debug|Any CPU.Build.0 = Debug|Any CPU
		{A1585252-00D5-4EFC-9DEB-F8E85D031ABE}.Release|Any CPU.ActiveCfg = Release|Any CPU
		{A1585252-00D5-4EFC-9DEB-F8E85D031ABE}.Release|Any CPU.Build.0 = Release|Any CPU
	EndGlobalSection
	GlobalSection(SolutionProperties) = preSolution
		HideSolutionNode = FALSE
	EndGlobalSection
	GlobalSection(ExtensibilityGlobals) = postSolution
		SolutionGuid = {EDDE94A2-36F8-452D-8761-7CF5CAD497E7}
	EndGlobalSection
EndGlobal
