
Microsoft Visual Studio Solution File, Format Version 12.00
# Visual Studio Version 17
VisualStudioVersion = 17.0.32014.148
MinimumVisualStudioVersion = 10.0.40219.1
Project("{FAE04EC0-301F-11D3-BF4B-00C04F79EFBC}") = "Repaso3_1", "Repaso3_1.csproj", "{051B6541-22E3-4431-8E5B-EE7CCB10D249}"
EndProject
Global
	GlobalSection(SolutionConfigurationPlatforms) = preSolution
		Debug|Any CPU = Debug|Any CPU
		Release|Any CPU = Release|Any CPU
	EndGlobalSection
	GlobalSection(ProjectConfigurationPlatforms) = postSolution
		{051B6541-22E3-4431-8E5B-EE7CCB10D249}.Debug|Any CPU.ActiveCfg = Debug|Any CPU
		{051B6541-22E3-4431-8E5B-EE7CCB10D249}.Debug|Any CPU.Build.0 = Debug|Any CPU
		{051B6541-22E3-4431-8E5B-EE7CCB10D249}.Release|Any CPU.ActiveCfg = Release|Any CPU
		{051B6541-22E3-4431-8E5B-EE7CCB10D249}.Release|Any CPU.Build.0 = Release|Any CPU
	EndGlobalSection
	GlobalSection(SolutionProperties) = preSolution
		HideSolutionNode = FALSE
	EndGlobalSection
	GlobalSection(ExtensibilityGlobals) = postSolution
		SolutionGuid = {CE6910F5-031D-4E8C-96A0-A48FA3A3F5C3}
	EndGlobalSection
EndGlobal
