
Microsoft Visual Studio Solution File, Format Version 12.00
# Visual Studio Version 17
VisualStudioVersion = 17.0.32014.148
MinimumVisualStudioVersion = 10.0.40219.1
Project("{FAE04EC0-301F-11D3-BF4B-00C04F79EFBC}") = "Ejercicio_04c_06", "Ejercicio_04c_06.csproj", "{3C5F3C3E-EFAA-4EEB-9FCB-27B470549A5A}"
EndProject
Global
	GlobalSection(SolutionConfigurationPlatforms) = preSolution
		Debug|Any CPU = Debug|Any CPU
		Release|Any CPU = Release|Any CPU
	EndGlobalSection
	GlobalSection(ProjectConfigurationPlatforms) = postSolution
		{3C5F3C3E-EFAA-4EEB-9FCB-27B470549A5A}.Debug|Any CPU.ActiveCfg = Debug|Any CPU
		{3C5F3C3E-EFAA-4EEB-9FCB-27B470549A5A}.Debug|Any CPU.Build.0 = Debug|Any CPU
		{3C5F3C3E-EFAA-4EEB-9FCB-27B470549A5A}.Release|Any CPU.ActiveCfg = Release|Any CPU
		{3C5F3C3E-EFAA-4EEB-9FCB-27B470549A5A}.Release|Any CPU.Build.0 = Release|Any CPU
	EndGlobalSection
	GlobalSection(SolutionProperties) = preSolution
		HideSolutionNode = FALSE
	EndGlobalSection
	GlobalSection(ExtensibilityGlobals) = postSolution
		SolutionGuid = {FB2ADD5C-F218-43B6-A8EE-108FB2E2CE6D}
	EndGlobalSection
EndGlobal
