
Microsoft Visual Studio Solution File, Format Version 12.00
# Visual Studio Version 17
VisualStudioVersion = 17.0.32014.148
MinimumVisualStudioVersion = 10.0.40219.1
Project("{FAE04EC0-301F-11D3-BF4B-00C04F79EFBC}") = "Ejercicio_04a_06", "Ejercicio_04a_06.csproj", "{73DFAE99-2149-44AE-BF10-23D0CD46640A}"
EndProject
Global
	GlobalSection(SolutionConfigurationPlatforms) = preSolution
		Debug|Any CPU = Debug|Any CPU
		Release|Any CPU = Release|Any CPU
	EndGlobalSection
	GlobalSection(ProjectConfigurationPlatforms) = postSolution
		{73DFAE99-2149-44AE-BF10-23D0CD46640A}.Debug|Any CPU.ActiveCfg = Debug|Any CPU
		{73DFAE99-2149-44AE-BF10-23D0CD46640A}.Debug|Any CPU.Build.0 = Debug|Any CPU
		{73DFAE99-2149-44AE-BF10-23D0CD46640A}.Release|Any CPU.ActiveCfg = Release|Any CPU
		{73DFAE99-2149-44AE-BF10-23D0CD46640A}.Release|Any CPU.Build.0 = Release|Any CPU
	EndGlobalSection
	GlobalSection(SolutionProperties) = preSolution
		HideSolutionNode = FALSE
	EndGlobalSection
	GlobalSection(ExtensibilityGlobals) = postSolution
		SolutionGuid = {C3EB318A-B94A-4A15-8474-F35887016B88}
	EndGlobalSection
EndGlobal
