
Microsoft Visual Studio Solution File, Format Version 12.00
# Visual Studio Version 17
VisualStudioVersion = 17.0.32014.148
MinimumVisualStudioVersion = 10.0.40219.1
Project("{FAE04EC0-301F-11D3-BF4B-00C04F79EFBC}") = "ejercicio_02c_10", "ejercicio_02c_10.csproj", "{F461615A-73E5-4139-8506-A43DC2C02359}"
EndProject
Global
	GlobalSection(SolutionConfigurationPlatforms) = preSolution
		Debug|Any CPU = Debug|Any CPU
		Release|Any CPU = Release|Any CPU
	EndGlobalSection
	GlobalSection(ProjectConfigurationPlatforms) = postSolution
		{F461615A-73E5-4139-8506-A43DC2C02359}.Debug|Any CPU.ActiveCfg = Debug|Any CPU
		{F461615A-73E5-4139-8506-A43DC2C02359}.Debug|Any CPU.Build.0 = Debug|Any CPU
		{F461615A-73E5-4139-8506-A43DC2C02359}.Release|Any CPU.ActiveCfg = Release|Any CPU
		{F461615A-73E5-4139-8506-A43DC2C02359}.Release|Any CPU.Build.0 = Release|Any CPU
	EndGlobalSection
	GlobalSection(SolutionProperties) = preSolution
		HideSolutionNode = FALSE
	EndGlobalSection
	GlobalSection(ExtensibilityGlobals) = postSolution
		SolutionGuid = {4E287F8B-8BFD-4439-B1A9-F0EBFD0D5061}
	EndGlobalSection
EndGlobal
