
Microsoft Visual Studio Solution File, Format Version 12.00
# Visual Studio Version 17
VisualStudioVersion = 17.0.32014.148
MinimumVisualStudioVersion = 10.0.40219.1
Project("{FAE04EC0-301F-11D3-BF4B-00C04F79EFBC}") = "ejercicio_02c_07", "ejercicio_02c_07.csproj", "{CBEEDCD7-498B-4A63-BECF-48B38EAAC315}"
EndProject
Global
	GlobalSection(SolutionConfigurationPlatforms) = preSolution
		Debug|Any CPU = Debug|Any CPU
		Release|Any CPU = Release|Any CPU
	EndGlobalSection
	GlobalSection(ProjectConfigurationPlatforms) = postSolution
		{CBEEDCD7-498B-4A63-BECF-48B38EAAC315}.Debug|Any CPU.ActiveCfg = Debug|Any CPU
		{CBEEDCD7-498B-4A63-BECF-48B38EAAC315}.Debug|Any CPU.Build.0 = Debug|Any CPU
		{CBEEDCD7-498B-4A63-BECF-48B38EAAC315}.Release|Any CPU.ActiveCfg = Release|Any CPU
		{CBEEDCD7-498B-4A63-BECF-48B38EAAC315}.Release|Any CPU.Build.0 = Release|Any CPU
	EndGlobalSection
	GlobalSection(SolutionProperties) = preSolution
		HideSolutionNode = FALSE
	EndGlobalSection
	GlobalSection(ExtensibilityGlobals) = postSolution
		SolutionGuid = {DE71295D-3BCB-4A3E-9D1A-F749ABFB91D9}
	EndGlobalSection
EndGlobal
