
Microsoft Visual Studio Solution File, Format Version 12.00
# Visual Studio Version 17
VisualStudioVersion = 17.0.32014.148
MinimumVisualStudioVersion = 10.0.40219.1
Project("{FAE04EC0-301F-11D3-BF4B-00C04F79EFBC}") = "Ejercicio_04b_03", "Ejercicio_04b_03.csproj", "{32C429A9-394F-499E-A833-06AE9ED2991B}"
EndProject
Global
	GlobalSection(SolutionConfigurationPlatforms) = preSolution
		Debug|Any CPU = Debug|Any CPU
		Release|Any CPU = Release|Any CPU
	EndGlobalSection
	GlobalSection(ProjectConfigurationPlatforms) = postSolution
		{32C429A9-394F-499E-A833-06AE9ED2991B}.Debug|Any CPU.ActiveCfg = Debug|Any CPU
		{32C429A9-394F-499E-A833-06AE9ED2991B}.Debug|Any CPU.Build.0 = Debug|Any CPU
		{32C429A9-394F-499E-A833-06AE9ED2991B}.Release|Any CPU.ActiveCfg = Release|Any CPU
		{32C429A9-394F-499E-A833-06AE9ED2991B}.Release|Any CPU.Build.0 = Release|Any CPU
	EndGlobalSection
	GlobalSection(SolutionProperties) = preSolution
		HideSolutionNode = FALSE
	EndGlobalSection
	GlobalSection(ExtensibilityGlobals) = postSolution
		SolutionGuid = {AE4AF3C5-8726-4DDB-8B4E-5E49EFE8C597}
	EndGlobalSection
EndGlobal
