
Microsoft Visual Studio Solution File, Format Version 12.00
# Visual Studio Version 17
VisualStudioVersion = 17.0.32014.148
MinimumVisualStudioVersion = 10.0.40219.1
Project("{FAE04EC0-301F-11D3-BF4B-00C04F79EFBC}") = "Repaso1_5", "Repaso1_5.csproj", "{29071CA3-F230-427F-85CA-D080B76F4893}"
EndProject
Global
	GlobalSection(SolutionConfigurationPlatforms) = preSolution
		Debug|Any CPU = Debug|Any CPU
		Release|Any CPU = Release|Any CPU
	EndGlobalSection
	GlobalSection(ProjectConfigurationPlatforms) = postSolution
		{29071CA3-F230-427F-85CA-D080B76F4893}.Debug|Any CPU.ActiveCfg = Debug|Any CPU
		{29071CA3-F230-427F-85CA-D080B76F4893}.Debug|Any CPU.Build.0 = Debug|Any CPU
		{29071CA3-F230-427F-85CA-D080B76F4893}.Release|Any CPU.ActiveCfg = Release|Any CPU
		{29071CA3-F230-427F-85CA-D080B76F4893}.Release|Any CPU.Build.0 = Release|Any CPU
	EndGlobalSection
	GlobalSection(SolutionProperties) = preSolution
		HideSolutionNode = FALSE
	EndGlobalSection
	GlobalSection(ExtensibilityGlobals) = postSolution
		SolutionGuid = {B26A7D9D-1279-4D65-AB2A-263BF849CAD6}
	EndGlobalSection
EndGlobal
