
Microsoft Visual Studio Solution File, Format Version 12.00
# Visual Studio Version 17
VisualStudioVersion = 17.0.32014.148
MinimumVisualStudioVersion = 10.0.40219.1
Project("{FAE04EC0-301F-11D3-BF4B-00C04F79EFBC}") = "Ejercicio_03b_03", "Ejercicio_03b_03.csproj", "{193ECCFB-938C-4731-B994-A43307A9344B}"
EndProject
Global
	GlobalSection(SolutionConfigurationPlatforms) = preSolution
		Debug|Any CPU = Debug|Any CPU
		Release|Any CPU = Release|Any CPU
	EndGlobalSection
	GlobalSection(ProjectConfigurationPlatforms) = postSolution
		{193ECCFB-938C-4731-B994-A43307A9344B}.Debug|Any CPU.ActiveCfg = Debug|Any CPU
		{193ECCFB-938C-4731-B994-A43307A9344B}.Debug|Any CPU.Build.0 = Debug|Any CPU
		{193ECCFB-938C-4731-B994-A43307A9344B}.Release|Any CPU.ActiveCfg = Release|Any CPU
		{193ECCFB-938C-4731-B994-A43307A9344B}.Release|Any CPU.Build.0 = Release|Any CPU
	EndGlobalSection
	GlobalSection(SolutionProperties) = preSolution
		HideSolutionNode = FALSE
	EndGlobalSection
	GlobalSection(ExtensibilityGlobals) = postSolution
		SolutionGuid = {CF18A6BF-FB61-4CDD-8A7E-0AA725FE131F}
	EndGlobalSection
EndGlobal
