
Microsoft Visual Studio Solution File, Format Version 12.00
# Visual Studio Version 17
VisualStudioVersion = 17.0.32014.148
MinimumVisualStudioVersion = 10.0.40219.1
Project("{FAE04EC0-301F-11D3-BF4B-00C04F79EFBC}") = "Ejercicio_07a_07", "Ejercicio_07a_07.csproj", "{2CB36E03-3585-4F54-8D12-B10A1471DE30}"
EndProject
Global
	GlobalSection(SolutionConfigurationPlatforms) = preSolution
		Debug|Any CPU = Debug|Any CPU
		Release|Any CPU = Release|Any CPU
	EndGlobalSection
	GlobalSection(ProjectConfigurationPlatforms) = postSolution
		{2CB36E03-3585-4F54-8D12-B10A1471DE30}.Debug|Any CPU.ActiveCfg = Debug|Any CPU
		{2CB36E03-3585-4F54-8D12-B10A1471DE30}.Debug|Any CPU.Build.0 = Debug|Any CPU
		{2CB36E03-3585-4F54-8D12-B10A1471DE30}.Release|Any CPU.ActiveCfg = Release|Any CPU
		{2CB36E03-3585-4F54-8D12-B10A1471DE30}.Release|Any CPU.Build.0 = Release|Any CPU
	EndGlobalSection
	GlobalSection(SolutionProperties) = preSolution
		HideSolutionNode = FALSE
	EndGlobalSection
	GlobalSection(ExtensibilityGlobals) = postSolution
		SolutionGuid = {D236AF27-F9A6-4DB4-B717-67D196D4A09C}
	EndGlobalSection
EndGlobal
